// !$*UTF8*$!
{
	archiveVersion = 1;
	classes = {
	};
	objectVersion = 50;
	objects = {

/* Begin PBXBuildFile section */
		7910EBAF22E8C038000A6B78 /* ReferralWindowController.swift in Sources */ = {isa = PBXBuildFile; fileRef = 7910EBAE22E8C038000A6B78 /* ReferralWindowController.swift */; };
		793B8AB322E7706D005BBD6A /* ViewController.swift in Sources */ = {isa = PBXBuildFile; fileRef = 793B8AB222E7706D005BBD6A /* ViewController.swift */; };
		793B8AB822E776AF005BBD6A /* Buttons.swift in Sources */ = {isa = PBXBuildFile; fileRef = 793B8AB522E776AE005BBD6A /* Buttons.swift */; };
		793B8AB922E776AF005BBD6A /* GeneralExtensions.swift in Sources */ = {isa = PBXBuildFile; fileRef = 793B8AB622E776AE005BBD6A /* GeneralExtensions.swift */; };
		793B8ABA22E776AF005BBD6A /* StringExtensions.swift in Sources */ = {isa = PBXBuildFile; fileRef = 793B8AB722E776AE005BBD6A /* StringExtensions.swift */; };
		795F6CE022CBCDC00098E321 /* AppDelegate.swift in Sources */ = {isa = PBXBuildFile; fileRef = 795F6CDF22CBCDC00098E321 /* AppDelegate.swift */; };
		795F6CE222CBCDC00098E321 /* Document.swift in Sources */ = {isa = PBXBuildFile; fileRef = 795F6CE122CBCDC00098E321 /* Document.swift */; };
		795F6CE422CBCDC10098E321 /* Assets.xcassets in Resources */ = {isa = PBXBuildFile; fileRef = 795F6CE322CBCDC10098E321 /* Assets.xcassets */; };
		795F6CE722CBCDC10098E321 /* Main.storyboard in Resources */ = {isa = PBXBuildFile; fileRef = 795F6CE522CBCDC10098E321 /* Main.storyboard */; };
		795F6CF022CBCE2E0098E321 /* ReferralModel.swift in Sources */ = {isa = PBXBuildFile; fileRef = 795F6CEF22CBCE2E0098E321 /* ReferralModel.swift */; };
		799D3610233A72A800662528 /* LetterheadPrinting.swift in Sources */ = {isa = PBXBuildFile; fileRef = 799D360E233A72A800662528 /* LetterheadPrinting.swift */; };
		799D3611233A72A800662528 /* WPCM Letterhead Blank Cropped.pdf in Resources */ = {isa = PBXBuildFile; fileRef = 799D360F233A72A800662528 /* WPCM Letterhead Blank Cropped.pdf */; };
/* End PBXBuildFile section */

/* Begin PBXFileReference section */
		7910EBAE22E8C038000A6B78 /* ReferralWindowController.swift */ = {isa = PBXFileReference; lastKnownFileType = sourcecode.swift; path = ReferralWindowController.swift; sourceTree = "<group>"; };
		793B8AB222E7706D005BBD6A /* ViewController.swift */ = {isa = PBXFileReference; lastKnownFileType = sourcecode.swift; path = ViewController.swift; sourceTree = "<group>"; };
		793B8AB522E776AE005BBD6A /* Buttons.swift */ = {isa = PBXFileReference; fileEncoding = 4; lastKnownFileType = sourcecode.swift; path = Buttons.swift; sourceTree = "<group>"; };
		793B8AB622E776AE005BBD6A /* GeneralExtensions.swift */ = {isa = PBXFileReference; fileEncoding = 4; lastKnownFileType = sourcecode.swift; path = GeneralExtensions.swift; sourceTree = "<group>"; };
		793B8AB722E776AE005BBD6A /* StringExtensions.swift */ = {isa = PBXFileReference; fileEncoding = 4; lastKnownFileType = sourcecode.swift; path = StringExtensions.swift; sourceTree = "<group>"; };
		795F6CDC22CBCDC00098E321 /* ReferralTracker.app */ = {isa = PBXFileReference; explicitFileType = wrapper.application; includeInIndex = 0; path = ReferralTracker.app; sourceTree = BUILT_PRODUCTS_DIR; };
		795F6CDF22CBCDC00098E321 /* AppDelegate.swift */ = {isa = PBXFileReference; lastKnownFileType = sourcecode.swift; path = AppDelegate.swift; sourceTree = "<group>"; };
		795F6CE122CBCDC00098E321 /* Document.swift */ = {isa = PBXFileReference; lastKnownFileType = sourcecode.swift; path = Document.swift; sourceTree = "<group>"; };
		795F6CE322CBCDC10098E321 /* Assets.xcassets */ = {isa = PBXFileReference; lastKnownFileType = folder.assetcatalog; path = Assets.xcassets; sourceTree = "<group>"; };
		795F6CE622CBCDC10098E321 /* Base */ = {isa = PBXFileReference; lastKnownFileType = file.storyboard; name = Base; path = Base.lproj/Main.storyboard; sourceTree = "<group>"; };
		795F6CE822CBCDC10098E321 /* Info.plist */ = {isa = PBXFileReference; lastKnownFileType = text.plist.xml; path = Info.plist; sourceTree = "<group>"; };
		795F6CE922CBCDC10098E321 /* ReferralTracker.entitlements */ = {isa = PBXFileReference; lastKnownFileType = text.plist.entitlements; path = ReferralTracker.entitlements; sourceTree = "<group>"; };
		795F6CEF22CBCE2E0098E321 /* ReferralModel.swift */ = {isa = PBXFileReference; lastKnownFileType = sourcecode.swift; path = ReferralModel.swift; sourceTree = "<group>"; };
		799D360E233A72A800662528 /* LetterheadPrinting.swift */ = {isa = PBXFileReference; fileEncoding = 4; lastKnownFileType = sourcecode.swift; path = LetterheadPrinting.swift; sourceTree = "<group>"; };
		799D360F233A72A800662528 /* WPCM Letterhead Blank Cropped.pdf */ = {isa = PBXFileReference; lastKnownFileType = image.pdf; path = "WPCM Letterhead Blank Cropped.pdf"; sourceTree = "<group>"; };
/* End PBXFileReference section */

/* Begin PBXFrameworksBuildPhase section */
		795F6CD922CBCDC00098E321 /* Frameworks */ = {
			isa = PBXFrameworksBuildPhase;
			buildActionMask = 2147483647;
			files = (
			);
			runOnlyForDeploymentPostprocessing = 0;
		};
/* End PBXFrameworksBuildPhase section */

/* Begin PBXGroup section */
		793B8AB422E776AE005BBD6A /* Extensions Etc */ = {
			isa = PBXGroup;
			children = (
				793B8AB522E776AE005BBD6A /* Buttons.swift */,
				793B8AB622E776AE005BBD6A /* GeneralExtensions.swift */,
				793B8AB722E776AE005BBD6A /* StringExtensions.swift */,
			);
			path = "Extensions Etc";
			sourceTree = "<group>";
		};
		795F6CD322CBCDC00098E321 = {
			isa = PBXGroup;
			children = (
				795F6CDE22CBCDC00098E321 /* ReferralTracker */,
				795F6CDD22CBCDC00098E321 /* Products */,
			);
			sourceTree = "<group>";
		};
		795F6CDD22CBCDC00098E321 /* Products */ = {
			isa = PBXGroup;
			children = (
				795F6CDC22CBCDC00098E321 /* ReferralTracker.app */,
			);
			name = Products;
			sourceTree = "<group>";
		};
		795F6CDE22CBCDC00098E321 /* ReferralTracker */ = {
			isa = PBXGroup;
			children = (
				795F6CE522CBCDC10098E321 /* Main.storyboard */,
				795F6CDF22CBCDC00098E321 /* AppDelegate.swift */,
				7910EBAE22E8C038000A6B78 /* ReferralWindowController.swift */,
				793B8AB222E7706D005BBD6A /* ViewController.swift */,
				795F6CE122CBCDC00098E321 /* Document.swift */,
				795F6CEF22CBCE2E0098E321 /* ReferralModel.swift */,
				795F6CE322CBCDC10098E321 /* Assets.xcassets */,
				795F6CE822CBCDC10098E321 /* Info.plist */,
				795F6CE922CBCDC10098E321 /* ReferralTracker.entitlements */,
				799D360D233A72A800662528 /* Printing To Letterhead */,
				793B8AB422E776AE005BBD6A /* Extensions Etc */,
			);
			path = ReferralTracker;
			sourceTree = "<group>";
		};
		799D360D233A72A800662528 /* Printing To Letterhead */ = {
			isa = PBXGroup;
			children = (
				799D360E233A72A800662528 /* LetterheadPrinting.swift */,
				799D360F233A72A800662528 /* WPCM Letterhead Blank Cropped.pdf */,
			);
			path = "Printing To Letterhead";
			sourceTree = "<group>";
		};
/* End PBXGroup section */

/* Begin PBXNativeTarget section */
		795F6CDB22CBCDC00098E321 /* ReferralTracker */ = {
			isa = PBXNativeTarget;
			buildConfigurationList = 795F6CEC22CBCDC10098E321 /* Build configuration list for PBXNativeTarget "ReferralTracker" */;
			buildPhases = (
				795F6CD822CBCDC00098E321 /* Sources */,
				795F6CD922CBCDC00098E321 /* Frameworks */,
				795F6CDA22CBCDC00098E321 /* Resources */,
			);
			buildRules = (
			);
			dependencies = (
			);
			name = ReferralTracker;
			productName = ReferralTracker;
			productReference = 795F6CDC22CBCDC00098E321 /* ReferralTracker.app */;
			productType = "com.apple.product-type.application";
		};
/* End PBXNativeTarget section */

/* Begin PBXProject section */
		795F6CD422CBCDC00098E321 /* Project object */ = {
			isa = PBXProject;
			attributes = {
				LastSwiftUpdateCheck = 1100;
				LastUpgradeCheck = 1100;
				ORGANIZATIONNAME = Fool;
				TargetAttributes = {
					795F6CDB22CBCDC00098E321 = {
						CreatedOnToolsVersion = 11.0;
					};
				};
			};
			buildConfigurationList = 795F6CD722CBCDC00098E321 /* Build configuration list for PBXProject "ReferralTracker" */;
			compatibilityVersion = "Xcode 9.3";
			developmentRegion = en;
			hasScannedForEncodings = 0;
			knownRegions = (
				en,
				Base,
			);
			mainGroup = 795F6CD322CBCDC00098E321;
			productRefGroup = 795F6CDD22CBCDC00098E321 /* Products */;
			projectDirPath = "";
			projectRoot = "";
			targets = (
				795F6CDB22CBCDC00098E321 /* ReferralTracker */,
			);
		};
/* End PBXProject section */

/* Begin PBXResourcesBuildPhase section */
		795F6CDA22CBCDC00098E321 /* Resources */ = {
			isa = PBXResourcesBuildPhase;
			buildActionMask = 2147483647;
			files = (
				799D3611233A72A800662528 /* WPCM Letterhead Blank Cropped.pdf in Resources */,
				795F6CE422CBCDC10098E321 /* Assets.xcassets in Resources */,
				795F6CE722CBCDC10098E321 /* Main.storyboard in Resources */,
			);
			runOnlyForDeploymentPostprocessing = 0;
		};
/* End PBXResourcesBuildPhase section */

/* Begin PBXSourcesBuildPhase section */
		795F6CD822CBCDC00098E321 /* Sources */ = {
			isa = PBXSourcesBuildPhase;
			buildActionMask = 2147483647;
			files = (
				7910EBAF22E8C038000A6B78 /* ReferralWindowController.swift in Sources */,
				793B8AB822E776AF005BBD6A /* Buttons.swift in Sources */,
				799D3610233A72A800662528 /* LetterheadPrinting.swift in Sources */,
				795F6CE222CBCDC00098E321 /* Document.swift in Sources */,
				795F6CE022CBCDC00098E321 /* AppDelegate.swift in Sources */,
				793B8ABA22E776AF005BBD6A /* StringExtensions.swift in Sources */,
				793B8AB322E7706D005BBD6A /* ViewController.swift in Sources */,
				793B8AB922E776AF005BBD6A /* GeneralExtensions.swift in Sources */,
				795F6CF022CBCE2E0098E321 /* ReferralModel.swift in Sources */,
			);
			runOnlyForDeploymentPostprocessing = 0;
		};
/* End PBXSourcesBuildPhase section */

/* Begin PBXVariantGroup section */
		795F6CE522CBCDC10098E321 /* Main.storyboard */ = {
			isa = PBXVariantGroup;
			children = (
				795F6CE622CBCDC10098E321 /* Base */,
			);
			name = Main.storyboard;
			sourceTree = "<group>";
		};
/* End PBXVariantGroup section */

/* Begin XCBuildConfiguration section */
		795F6CEA22CBCDC10098E321 /* Debug */ = {
			isa = XCBuildConfiguration;
			buildSettings = {
				ALWAYS_SEARCH_USER_PATHS = NO;
				CLANG_ANALYZER_NONNULL = YES;
				CLANG_ANALYZER_NUMBER_OBJECT_CONVERSION = YES_AGGRESSIVE;
				CLANG_CXX_LANGUAGE_STANDARD = "gnu++14";
				CLANG_CXX_LIBRARY = "libc++";
				CLANG_ENABLE_MODULES = YES;
				CLANG_ENABLE_OBJC_ARC = YES;
				CLANG_ENABLE_OBJC_WEAK = YES;
				CLANG_WARN_BLOCK_CAPTURE_AUTORELEASING = YES;
				CLANG_WARN_BOOL_CONVERSION = YES;
				CLANG_WARN_COMMA = YES;
				CLANG_WARN_CONSTANT_CONVERSION = YES;
				CLANG_WARN_DEPRECATED_OBJC_IMPLEMENTATIONS = YES;
				CLANG_WARN_DIRECT_OBJC_ISA_USAGE = YES_ERROR;
				CLANG_WARN_DOCUMENTATION_COMMENTS = YES;
				CLANG_WARN_EMPTY_BODY = YES;
				CLANG_WARN_ENUM_CONVERSION = YES;
				CLANG_WARN_INFINITE_RECURSION = YES;
				CLANG_WARN_INT_CONVERSION = YES;
				CLANG_WARN_NON_LITERAL_NULL_CONVERSION = YES;
				CLANG_WARN_OBJC_IMPLICIT_RETAIN_SELF = YES;
				CLANG_WARN_OBJC_LITERAL_CONVERSION = YES;
				CLANG_WARN_OBJC_ROOT_CLASS = YES_ERROR;
				CLANG_WARN_RANGE_LOOP_ANALYSIS = YES;
				CLANG_WARN_STRICT_PROTOTYPES = YES;
				CLANG_WARN_SUSPICIOUS_MOVE = YES;
				CLANG_WARN_UNGUARDED_AVAILABILITY = YES_AGGRESSIVE;
				CLANG_WARN_UNREACHABLE_CODE = YES;
				CLANG_WARN__DUPLICATE_METHOD_MATCH = YES;
				COPY_PHASE_STRIP = NO;
				DEBUG_INFORMATION_FORMAT = dwarf;
				ENABLE_STRICT_OBJC_MSGSEND = YES;
				ENABLE_TESTABILITY = YES;
				GCC_C_LANGUAGE_STANDARD = gnu11;
				GCC_DYNAMIC_NO_PIC = NO;
				GCC_NO_COMMON_BLOCKS = YES;
				GCC_OPTIMIZATION_LEVEL = 0;
				GCC_PREPROCESSOR_DEFINITIONS = (
					"DEBUG=1",
					"$(inherited)",
				);
				GCC_WARN_64_TO_32_BIT_CONVERSION = YES;
				GCC_WARN_ABOUT_RETURN_TYPE = YES_ERROR;
				GCC_WARN_UNDECLARED_SELECTOR = YES;
				GCC_WARN_UNINITIALIZED_AUTOS = YES_AGGRESSIVE;
				GCC_WARN_UNUSED_FUNCTION = YES;
				GCC_WARN_UNUSED_VARIABLE = YES;
				MACOSX_DEPLOYMENT_TARGET = 10.11;
				MTL_ENABLE_DEBUG_INFO = INCLUDE_SOURCE;
				MTL_FAST_MATH = YES;
				ONLY_ACTIVE_ARCH = YES;
				SDKROOT = macosx;
				SWIFT_ACTIVE_COMPILATION_CONDITIONS = DEBUG;
				SWIFT_OPTIMIZATION_LEVEL = "-Onone";
			};
			name = Debug;
		};
		795F6CEB22CBCDC10098E321 /* Release */ = {
			isa = XCBuildConfiguration;
			buildSettings = {
				ALWAYS_SEARCH_USER_PATHS = NO;
				CLANG_ANALYZER_NONNULL = YES;
				CLANG_ANALYZER_NUMBER_OBJECT_CONVERSION = YES_AGGRESSIVE;
				CLANG_CXX_LANGUAGE_STANDARD = "gnu++14";
				CLANG_CXX_LIBRARY = "libc++";
				CLANG_ENABLE_MODULES = YES;
				CLANG_ENABLE_OBJC_ARC = YES;
				CLANG_ENABLE_OBJC_WEAK = YES;
				CLANG_WARN_BLOCK_CAPTURE_AUTORELEASING = YES;
				CLANG_WARN_BOOL_CONVERSION = YES;
				CLANG_WARN_COMMA = YES;
				CLANG_WARN_CONSTANT_CONVERSION = YES;
				CLANG_WARN_DEPRECATED_OBJC_IMPLEMENTATIONS = YES;
				CLANG_WARN_DIRECT_OBJC_ISA_USAGE = YES_ERROR;
				CLANG_WARN_DOCUMENTATION_COMMENTS = YES;
				CLANG_WARN_EMPTY_BODY = YES;
				CLANG_WARN_ENUM_CONVERSION = YES;
				CLANG_WARN_INFINITE_RECURSION = YES;
				CLANG_WARN_INT_CONVERSION = YES;
				CLANG_WARN_NON_LITERAL_NULL_CONVERSION = YES;
				CLANG_WARN_OBJC_IMPLICIT_RETAIN_SELF = YES;
				CLANG_WARN_OBJC_LITERAL_CONVERSION = YES;
				CLANG_WARN_OBJC_ROOT_CLASS = YES_ERROR;
				CLANG_WARN_RANGE_LOOP_ANALYSIS = YES;
				CLANG_WARN_STRICT_PROTOTYPES = YES;
				CLANG_WARN_SUSPICIOUS_MOVE = YES;
				CLANG_WARN_UNGUARDED_AVAILABILITY = YES_AGGRESSIVE;
				CLANG_WARN_UNREACHABLE_CODE = YES;
				CLANG_WARN__DUPLICATE_METHOD_MATCH = YES;
				COPY_PHASE_STRIP = NO;
				DEBUG_INFORMATION_FORMAT = "dwarf-with-dsym";
				ENABLE_NS_ASSERTIONS = NO;
				ENABLE_STRICT_OBJC_MSGSEND = YES;
				GCC_C_LANGUAGE_STANDARD = gnu11;
				GCC_NO_COMMON_BLOCKS = YES;
				GCC_WARN_64_TO_32_BIT_CONVERSION = YES;
				GCC_WARN_ABOUT_RETURN_TYPE = YES_ERROR;
				GCC_WARN_UNDECLARED_SELECTOR = YES;
				GCC_WARN_UNINITIALIZED_AUTOS = YES_AGGRESSIVE;
				GCC_WARN_UNUSED_FUNCTION = YES;
				GCC_WARN_UNUSED_VARIABLE = YES;
				MACOSX_DEPLOYMENT_TARGET = 10.11;
				MTL_ENABLE_DEBUG_INFO = NO;
				MTL_FAST_MATH = YES;
				SDKROOT = macosx;
				SWIFT_COMPILATION_MODE = wholemodule;
				SWIFT_OPTIMIZATION_LEVEL = "-O";
			};
			name = Release;
		};
		795F6CED22CBCDC10098E321 /* Debug */ = {
			isa = XCBuildConfiguration;
			buildSettings = {
				ASSETCATALOG_COMPILER_APPICON_NAME = AppIcon;
				CODE_SIGN_ENTITLEMENTS = ReferralTracker/ReferralTracker.entitlements;
				CODE_SIGN_STYLE = Automatic;
				COMBINE_HIDPI_IMAGES = YES;
				CURRENT_PROJECT_VERSION = 2;
				DEVELOPMENT_TEAM = VY6BVT84SC;
				ENABLE_HARDENED_RUNTIME = NO;
				INFOPLIST_FILE = ReferralTracker/Info.plist;
				LD_RUNPATH_SEARCH_PATHS = (
					"$(inherited)",
					"@executable_path/../Frameworks",
				);
				MARKETING_VERSION = .1;
				PRODUCT_BUNDLE_IDENTIFIER = com.fulgentwake.ReferralTracker;
				PRODUCT_NAME = "$(TARGET_NAME)";
				SWIFT_VERSION = 5.0;
			};
			name = Debug;
		};
		795F6CEE22CBCDC10098E321 /* Release */ = {
			isa = XCBuildConfiguration;
			buildSettings = {
				ASSETCATALOG_COMPILER_APPICON_NAME = AppIcon;
				CODE_SIGN_ENTITLEMENTS = ReferralTracker/ReferralTracker.entitlements;
				CODE_SIGN_STYLE = Automatic;
				COMBINE_HIDPI_IMAGES = YES;
				CURRENT_PROJECT_VERSION = 2;
				DEVELOPMENT_TEAM = VY6BVT84SC;
				ENABLE_HARDENED_RUNTIME = NO;
				INFOPLIST_FILE = ReferralTracker/Info.plist;
				LD_RUNPATH_SEARCH_PATHS = (
					"$(inherited)",
					"@executable_path/../Frameworks",
				);
				MARKETING_VERSION = .1;
				PRODUCT_BUNDLE_IDENTIFIER = com.fulgentwake.ReferralTracker;
				PRODUCT_NAME = "$(TARGET_NAME)";
				SWIFT_VERSION = 5.0;
			};
			name = Release;
		};
/* End XCBuildConfiguration section */

/* Begin XCConfigurationList section */
		795F6CD722CBCDC00098E321 /* Build configuration list for PBXProject "ReferralTracker" */ = {
			isa = XCConfigurationList;
			buildConfigurations = (
				795F6CEA22CBCDC10098E321 /* Debug */,
				795F6CEB22CBCDC10098E321 /* Release */,
			);
			defaultConfigurationIsVisible = 0;
			defaultConfigurationName = Release;
		};
		795F6CEC22CBCDC10098E321 /* Build configuration list for PBXNativeTarget "ReferralTracker" */ = {
			isa = XCConfigurationList;
			buildConfigurations = (
				795F6CED22CBCDC10098E321 /* Debug */,
				795F6CEE22CBCDC10098E321 /* Release */,
			);
			defaultConfigurationIsVisible = 0;
			defaultConfigurationName = Release;
		};
/* End XCConfigurationList section */
	};
	rootObject = 795F6CD422CBCDC00098E321 /* Project object */;
}
